// !$*UTF8*$!
{
	archiveVersion = 1;
	classes = {
	};
	objectVersion = 46;
	objects = {

/* Begin PBXBuildFile section */
		FF0B5C131C3CF3CA00A15C56 /* SwiftEncoderKit.framework in Frameworks */ = {isa = PBXBuildFile; fileRef = FF0B5C081C3CF3C900A15C56 /* SwiftEncoderKit.framework */; };
		FF0B5C271C3CF40C00A15C56 /* SwiftEncoderKit.h in Headers */ = {isa = PBXBuildFile; fileRef = FF0B5C241C3CF40C00A15C56 /* SwiftEncoderKit.h */; settings = {ATTRIBUTES = (Public, ); }; };
		FF0B5C2C1C3CF63200A15C56 /* OtherTestModel.swift in Sources */ = {isa = PBXBuildFile; fileRef = FF0B5C281C3CF63200A15C56 /* OtherTestModel.swift */; };
		FF0B5C2D1C3CF63200A15C56 /* Shave_iOSTests.swift in Sources */ = {isa = PBXBuildFile; fileRef = FF0B5C291C3CF63200A15C56 /* Shave_iOSTests.swift */; };
		FF0B5C2F1C3CF63200A15C56 /* TestModel.swift in Sources */ = {isa = PBXBuildFile; fileRef = FF0B5C2B1C3CF63200A15C56 /* TestModel.swift */; };
		FF0B5C381C3CF63D00A15C56 /* Decoder.swift in Sources */ = {isa = PBXBuildFile; fileRef = FF0B5C301C3CF63D00A15C56 /* Decoder.swift */; };
		FF0B5C391C3CF63D00A15C56 /* Decoder.swift in Sources */ = {isa = PBXBuildFile; fileRef = FF0B5C301C3CF63D00A15C56 /* Decoder.swift */; };
		FF0B5C3C1C3CF63D00A15C56 /* Encodable.swift in Sources */ = {isa = PBXBuildFile; fileRef = FF0B5C321C3CF63D00A15C56 /* Encodable.swift */; };
		FF0B5C3D1C3CF63D00A15C56 /* Encodable.swift in Sources */ = {isa = PBXBuildFile; fileRef = FF0B5C321C3CF63D00A15C56 /* Encodable.swift */; };
		FF0B5C3E1C3CF63D00A15C56 /* Encoder.swift in Sources */ = {isa = PBXBuildFile; fileRef = FF0B5C361C3CF63D00A15C56 /* Encoder.swift */; };
		FF0B5C3F1C3CF63D00A15C56 /* Encoder.swift in Sources */ = {isa = PBXBuildFile; fileRef = FF0B5C361C3CF63D00A15C56 /* Encoder.swift */; };
		FF0B5C431C3CF75C00A15C56 /* test-image.jpg in Resources */ = {isa = PBXBuildFile; fileRef = FF0B5C421C3CF75C00A15C56 /* test-image.jpg */; };
		FF0B5C471C3CF76C00A15C56 /* ImageModel.swift in Sources */ = {isa = PBXBuildFile; fileRef = FF0B5C441C3CF76C00A15C56 /* ImageModel.swift */; };
		FF0B5C481C3CF76C00A15C56 /* SignedIntegerModel.swift in Sources */ = {isa = PBXBuildFile; fileRef = FF0B5C451C3CF76C00A15C56 /* SignedIntegerModel.swift */; };
		FF0B5C491C3CF76C00A15C56 /* UnsignedIntegerModel.swift in Sources */ = {isa = PBXBuildFile; fileRef = FF0B5C461C3CF76C00A15C56 /* UnsignedIntegerModel.swift */; };
		FF0B5C4E1C3CF84E00A15C56 /* BasicTypesExtension.swift in Sources */ = {isa = PBXBuildFile; fileRef = FF0B5C4B1C3CF84E00A15C56 /* BasicTypesExtension.swift */; };
		FF0B5C4F1C3CF84E00A15C56 /* EncodableExtension.swift in Sources */ = {isa = PBXBuildFile; fileRef = FF0B5C4C1C3CF84E00A15C56 /* EncodableExtension.swift */; };
		FF0B5C501C3CF84E00A15C56 /* NSCodingExtension.swift in Sources */ = {isa = PBXBuildFile; fileRef = FF0B5C4D1C3CF84E00A15C56 /* NSCodingExtension.swift */; };
		FF0B5C511C3CF85200A15C56 /* BasicTypesExtension.swift in Sources */ = {isa = PBXBuildFile; fileRef = FF0B5C4B1C3CF84E00A15C56 /* BasicTypesExtension.swift */; };
		FF0B5C521C3CF85400A15C56 /* EncodableExtension.swift in Sources */ = {isa = PBXBuildFile; fileRef = FF0B5C4C1C3CF84E00A15C56 /* EncodableExtension.swift */; };
		FF0B5C531C3CF85600A15C56 /* NSCodingExtension.swift in Sources */ = {isa = PBXBuildFile; fileRef = FF0B5C4D1C3CF84E00A15C56 /* NSCodingExtension.swift */; };
		FF0B5C551C3CF8BF00A15C56 /* ArrayExtension.swift in Sources */ = {isa = PBXBuildFile; fileRef = FF0B5C541C3CF8BF00A15C56 /* ArrayExtension.swift */; };
/* End PBXBuildFile section */

/* Begin PBXContainerItemProxy section */
		FF0B5C141C3CF3CA00A15C56 /* PBXContainerItemProxy */ = {
			isa = PBXContainerItemProxy;
			containerPortal = FF0B5BFF1C3CF3C900A15C56 /* Project object */;
			proxyType = 1;
			remoteGlobalIDString = FF0B5C071C3CF3C900A15C56;
			remoteInfo = SwiftEncoderKit;
		};
/* End PBXContainerItemProxy section */

/* Begin PBXFileReference section */
		FF0B5C081C3CF3C900A15C56 /* SwiftEncoderKit.framework */ = {isa = PBXFileReference; explicitFileType = wrapper.framework; includeInIndex = 0; path = SwiftEncoderKit.framework; sourceTree = BUILT_PRODUCTS_DIR; };
		FF0B5C121C3CF3CA00A15C56 /* SwiftEncoderKitTests.xctest */ = {isa = PBXFileReference; explicitFileType = wrapper.cfbundle; includeInIndex = 0; path = SwiftEncoderKitTests.xctest; sourceTree = BUILT_PRODUCTS_DIR; };
		FF0B5C191C3CF3CA00A15C56 /* Info.plist */ = {isa = PBXFileReference; lastKnownFileType = text.plist.xml; path = Info.plist; sourceTree = "<group>"; };
		FF0B5C231C3CF40C00A15C56 /* Info.plist */ = {isa = PBXFileReference; fileEncoding = 4; lastKnownFileType = text.plist.xml; path = Info.plist; sourceTree = "<group>"; };
		FF0B5C241C3CF40C00A15C56 /* SwiftEncoderKit.h */ = {isa = PBXFileReference; fileEncoding = 4; lastKnownFileType = sourcecode.c.h; path = SwiftEncoderKit.h; sourceTree = "<group>"; };
		FF0B5C281C3CF63200A15C56 /* OtherTestModel.swift */ = {isa = PBXFileReference; fileEncoding = 4; lastKnownFileType = sourcecode.swift; path = OtherTestModel.swift; sourceTree = "<group>"; };
		FF0B5C291C3CF63200A15C56 /* Shave_iOSTests.swift */ = {isa = PBXFileReference; fileEncoding = 4; lastKnownFileType = sourcecode.swift; path = Shave_iOSTests.swift; sourceTree = "<group>"; };
		FF0B5C2B1C3CF63200A15C56 /* TestModel.swift */ = {isa = PBXFileReference; fileEncoding = 4; lastKnownFileType = sourcecode.swift; path = TestModel.swift; sourceTree = "<group>"; };
		FF0B5C301C3CF63D00A15C56 /* Decoder.swift */ = {isa = PBXFileReference; fileEncoding = 4; lastKnownFileType = sourcecode.swift; path = Decoder.swift; sourceTree = "<group>"; };
		FF0B5C321C3CF63D00A15C56 /* Encodable.swift */ = {isa = PBXFileReference; fileEncoding = 4; lastKnownFileType = sourcecode.swift; path = Encodable.swift; sourceTree = "<group>"; };
		FF0B5C361C3CF63D00A15C56 /* Encoder.swift */ = {isa = PBXFileReference; fileEncoding = 4; lastKnownFileType = sourcecode.swift; path = Encoder.swift; sourceTree = "<group>"; };
		FF0B5C421C3CF75C00A15C56 /* test-image.jpg */ = {isa = PBXFileReference; lastKnownFileType = image.jpeg; path = "test-image.jpg"; sourceTree = "<group>"; };
		FF0B5C441C3CF76C00A15C56 /* ImageModel.swift */ = {isa = PBXFileReference; fileEncoding = 4; lastKnownFileType = sourcecode.swift; path = ImageModel.swift; sourceTree = "<group>"; };
		FF0B5C451C3CF76C00A15C56 /* SignedIntegerModel.swift */ = {isa = PBXFileReference; fileEncoding = 4; lastKnownFileType = sourcecode.swift; path = SignedIntegerModel.swift; sourceTree = "<group>"; };
		FF0B5C461C3CF76C00A15C56 /* UnsignedIntegerModel.swift */ = {isa = PBXFileReference; fileEncoding = 4; lastKnownFileType = sourcecode.swift; path = UnsignedIntegerModel.swift; sourceTree = "<group>"; };
		FF0B5C4B1C3CF84E00A15C56 /* BasicTypesExtension.swift */ = {isa = PBXFileReference; fileEncoding = 4; lastKnownFileType = sourcecode.swift; path = BasicTypesExtension.swift; sourceTree = "<group>"; };
		FF0B5C4C1C3CF84E00A15C56 /* EncodableExtension.swift */ = {isa = PBXFileReference; fileEncoding = 4; lastKnownFileType = sourcecode.swift; path = EncodableExtension.swift; sourceTree = "<group>"; };
		FF0B5C4D1C3CF84E00A15C56 /* NSCodingExtension.swift */ = {isa = PBXFileReference; fileEncoding = 4; lastKnownFileType = sourcecode.swift; path = NSCodingExtension.swift; sourceTree = "<group>"; };
		FF0B5C541C3CF8BF00A15C56 /* ArrayExtension.swift */ = {isa = PBXFileReference; fileEncoding = 4; lastKnownFileType = sourcecode.swift; path = ArrayExtension.swift; sourceTree = "<group>"; };
/* End PBXFileReference section */

/* Begin PBXFrameworksBuildPhase section */
		FF0B5C041C3CF3C900A15C56 /* Frameworks */ = {
			isa = PBXFrameworksBuildPhase;
			buildActionMask = 2147483647;
			files = (
			);
			runOnlyForDeploymentPostprocessing = 0;
		};
		FF0B5C0F1C3CF3CA00A15C56 /* Frameworks */ = {
			isa = PBXFrameworksBuildPhase;
			buildActionMask = 2147483647;
			files = (
				FF0B5C131C3CF3CA00A15C56 /* SwiftEncoderKit.framework in Frameworks */,
			);
			runOnlyForDeploymentPostprocessing = 0;
		};
/* End PBXFrameworksBuildPhase section */

/* Begin PBXGroup section */
		FF0B5BFE1C3CF3C900A15C56 = {
			isa = PBXGroup;
			children = (
				FF0B5C251C3CF40C00A15C56 /* Source */,
				FF0B5C161C3CF3CA00A15C56 /* SwiftEncoderKitTests */,
				FF0B5C091C3CF3C900A15C56 /* Products */,
				FF0B5C221C3CF40C00A15C56 /* Resources */,
			);
			sourceTree = "<group>";
		};
		FF0B5C091C3CF3C900A15C56 /* Products */ = {
			isa = PBXGroup;
			children = (
				FF0B5C081C3CF3C900A15C56 /* SwiftEncoderKit.framework */,
				FF0B5C121C3CF3CA00A15C56 /* SwiftEncoderKitTests.xctest */,
			);
			name = Products;
			sourceTree = "<group>";
		};
		FF0B5C161C3CF3CA00A15C56 /* SwiftEncoderKitTests */ = {
			isa = PBXGroup;
			children = (
				FF0B5C441C3CF76C00A15C56 /* ImageModel.swift */,
				FF0B5C451C3CF76C00A15C56 /* SignedIntegerModel.swift */,
				FF0B5C461C3CF76C00A15C56 /* UnsignedIntegerModel.swift */,
				FF0B5C421C3CF75C00A15C56 /* test-image.jpg */,
				FF0B5C281C3CF63200A15C56 /* OtherTestModel.swift */,
				FF0B5C291C3CF63200A15C56 /* Shave_iOSTests.swift */,
				FF0B5C2B1C3CF63200A15C56 /* TestModel.swift */,
				FF0B5C191C3CF3CA00A15C56 /* Info.plist */,
			);
			path = SwiftEncoderKitTests;
			sourceTree = "<group>";
		};
		FF0B5C221C3CF40C00A15C56 /* Resources */ = {
			isa = PBXGroup;
			children = (
				FF0B5C231C3CF40C00A15C56 /* Info.plist */,
				FF0B5C241C3CF40C00A15C56 /* SwiftEncoderKit.h */,
			);
			path = Resources;
			sourceTree = "<group>";
		};
		FF0B5C251C3CF40C00A15C56 /* Source */ = {
			isa = PBXGroup;
			children = (
				FF0B5C4A1C3CF84E00A15C56 /* Extensions */,
				FF0B5C301C3CF63D00A15C56 /* Decoder.swift */,
				FF0B5C321C3CF63D00A15C56 /* Encodable.swift */,
				FF0B5C361C3CF63D00A15C56 /* Encoder.swift */,
			);
			path = Source;
			sourceTree = "<group>";
		};
		FF0B5C4A1C3CF84E00A15C56 /* Extensions */ = {
			isa = PBXGroup;
			children = (
				FF0B5C541C3CF8BF00A15C56 /* ArrayExtension.swift */,
				FF0B5C4B1C3CF84E00A15C56 /* BasicTypesExtension.swift */,
				FF0B5C4C1C3CF84E00A15C56 /* EncodableExtension.swift */,
				FF0B5C4D1C3CF84E00A15C56 /* NSCodingExtension.swift */,
			);
			path = Extensions;
			sourceTree = "<group>";
		};
/* End PBXGroup section */

/* Begin PBXHeadersBuildPhase section */
		FF0B5C051C3CF3C900A15C56 /* Headers */ = {
			isa = PBXHeadersBuildPhase;
			buildActionMask = 2147483647;
			files = (
				FF0B5C271C3CF40C00A15C56 /* SwiftEncoderKit.h in Headers */,
			);
			runOnlyForDeploymentPostprocessing = 0;
		};
/* End PBXHeadersBuildPhase section */

/* Begin PBXNativeTarget section */
		FF0B5C071C3CF3C900A15C56 /* SwiftEncoderKit */ = {
			isa = PBXNativeTarget;
			buildConfigurationList = FF0B5C1C1C3CF3CA00A15C56 /* Build configuration list for PBXNativeTarget "SwiftEncoderKit" */;
			buildPhases = (
				FF0B5C031C3CF3C900A15C56 /* Sources */,
				FF0B5C041C3CF3C900A15C56 /* Frameworks */,
				FF0B5C051C3CF3C900A15C56 /* Headers */,
				FF0B5C061C3CF3C900A15C56 /* Resources */,
			);
			buildRules = (
			);
			dependencies = (
			);
			name = SwiftEncoderKit;
			productName = SwiftEncoderKit;
			productReference = FF0B5C081C3CF3C900A15C56 /* SwiftEncoderKit.framework */;
			productType = "com.apple.product-type.framework";
		};
		FF0B5C111C3CF3CA00A15C56 /* SwiftEncoderKitTests */ = {
			isa = PBXNativeTarget;
			buildConfigurationList = FF0B5C1F1C3CF3CA00A15C56 /* Build configuration list for PBXNativeTarget "SwiftEncoderKitTests" */;
			buildPhases = (
				FF0B5C0E1C3CF3CA00A15C56 /* Sources */,
				FF0B5C0F1C3CF3CA00A15C56 /* Frameworks */,
				FF0B5C101C3CF3CA00A15C56 /* Resources */,
			);
			buildRules = (
			);
			dependencies = (
				FF0B5C151C3CF3CA00A15C56 /* PBXTargetDependency */,
			);
			name = SwiftEncoderKitTests;
			productName = SwiftEncoderKitTests;
			productReference = FF0B5C121C3CF3CA00A15C56 /* SwiftEncoderKitTests.xctest */;
			productType = "com.apple.product-type.bundle.unit-test";
		};
/* End PBXNativeTarget section */

/* Begin PBXProject section */
		FF0B5BFF1C3CF3C900A15C56 /* Project object */ = {
			isa = PBXProject;
			attributes = {
				LastSwiftUpdateCheck = 0720;
				LastUpgradeCheck = 0720;
				ORGANIZATIONNAME = "Interfacelab LLC";
				TargetAttributes = {
					FF0B5C071C3CF3C900A15C56 = {
						CreatedOnToolsVersion = 7.2;
					};
					FF0B5C111C3CF3CA00A15C56 = {
						CreatedOnToolsVersion = 7.2;
					};
				};
			};
			buildConfigurationList = FF0B5C021C3CF3C900A15C56 /* Build configuration list for PBXProject "SwiftEncoderKit" */;
			compatibilityVersion = "Xcode 3.2";
			developmentRegion = English;
			hasScannedForEncodings = 0;
			knownRegions = (
				en,
			);
			mainGroup = FF0B5BFE1C3CF3C900A15C56;
			productRefGroup = FF0B5C091C3CF3C900A15C56 /* Products */;
			projectDirPath = "";
			projectRoot = "";
			targets = (
				FF0B5C071C3CF3C900A15C56 /* SwiftEncoderKit */,
				FF0B5C111C3CF3CA00A15C56 /* SwiftEncoderKitTests */,
			);
		};
/* End PBXProject section */

/* Begin PBXResourcesBuildPhase section */
		FF0B5C061C3CF3C900A15C56 /* Resources */ = {
			isa = PBXResourcesBuildPhase;
			buildActionMask = 2147483647;
			files = (
			);
			runOnlyForDeploymentPostprocessing = 0;
		};
		FF0B5C101C3CF3CA00A15C56 /* Resources */ = {
			isa = PBXResourcesBuildPhase;
			buildActionMask = 2147483647;
			files = (
				FF0B5C431C3CF75C00A15C56 /* test-image.jpg in Resources */,
			);
			runOnlyForDeploymentPostprocessing = 0;
		};
/* End PBXResourcesBuildPhase section */

/* Begin PBXSourcesBuildPhase section */
		FF0B5C031C3CF3C900A15C56 /* Sources */ = {
			isa = PBXSourcesBuildPhase;
			buildActionMask = 2147483647;
			files = (
				FF0B5C531C3CF85600A15C56 /* NSCodingExtension.swift in Sources */,
				FF0B5C511C3CF85200A15C56 /* BasicTypesExtension.swift in Sources */,
				FF0B5C3E1C3CF63D00A15C56 /* Encoder.swift in Sources */,
				FF0B5C3C1C3CF63D00A15C56 /* Encodable.swift in Sources */,
				FF0B5C521C3CF85400A15C56 /* EncodableExtension.swift in Sources */,
				FF0B5C381C3CF63D00A15C56 /* Decoder.swift in Sources */,
			);
			runOnlyForDeploymentPostprocessing = 0;
		};
		FF0B5C0E1C3CF3CA00A15C56 /* Sources */ = {
			isa = PBXSourcesBuildPhase;
			buildActionMask = 2147483647;
			files = (
				FF0B5C501C3CF84E00A15C56 /* NSCodingExtension.swift in Sources */,
				FF0B5C2C1C3CF63200A15C56 /* OtherTestModel.swift in Sources */,
				FF0B5C491C3CF76C00A15C56 /* UnsignedIntegerModel.swift in Sources */,
				FF0B5C471C3CF76C00A15C56 /* ImageModel.swift in Sources */,
				FF0B5C2F1C3CF63200A15C56 /* TestModel.swift in Sources */,
				FF0B5C391C3CF63D00A15C56 /* Decoder.swift in Sources */,
				FF0B5C481C3CF76C00A15C56 /* SignedIntegerModel.swift in Sources */,
				FF0B5C2D1C3CF63200A15C56 /* Shave_iOSTests.swift in Sources */,
				FF0B5C3D1C3CF63D00A15C56 /* Encodable.swift in Sources */,
				FF0B5C4E1C3CF84E00A15C56 /* BasicTypesExtension.swift in Sources */,
				FF0B5C3F1C3CF63D00A15C56 /* Encoder.swift in Sources */,
				FF0B5C4F1C3CF84E00A15C56 /* EncodableExtension.swift in Sources */,
				FF0B5C551C3CF8BF00A15C56 /* ArrayExtension.swift in Sources */,
			);
			runOnlyForDeploymentPostprocessing = 0;
		};
/* End PBXSourcesBuildPhase section */

/* Begin PBXTargetDependency section */
		FF0B5C151C3CF3CA00A15C56 /* PBXTargetDependency */ = {
			isa = PBXTargetDependency;
			target = FF0B5C071C3CF3C900A15C56 /* SwiftEncoderKit */;
			targetProxy = FF0B5C141C3CF3CA00A15C56 /* PBXContainerItemProxy */;
		};
/* End PBXTargetDependency section */

/* Begin XCBuildConfiguration section */
		FF0B5C1A1C3CF3CA00A15C56 /* Debug */ = {
			isa = XCBuildConfiguration;
			buildSettings = {
				ALWAYS_SEARCH_USER_PATHS = NO;
				CLANG_CXX_LANGUAGE_STANDARD = "gnu++0x";
				CLANG_CXX_LIBRARY = "libc++";
				CLANG_ENABLE_MODULES = YES;
				CLANG_ENABLE_OBJC_ARC = YES;
				CLANG_WARN_BOOL_CONVERSION = YES;
				CLANG_WARN_CONSTANT_CONVERSION = YES;
				CLANG_WARN_DIRECT_OBJC_ISA_USAGE = YES_ERROR;
				CLANG_WARN_EMPTY_BODY = YES;
				CLANG_WARN_ENUM_CONVERSION = YES;
				CLANG_WARN_INT_CONVERSION = YES;
				CLANG_WARN_OBJC_ROOT_CLASS = YES_ERROR;
				CLANG_WARN_UNREACHABLE_CODE = YES;
				CLANG_WARN__DUPLICATE_METHOD_MATCH = YES;
				"CODE_SIGN_IDENTITY[sdk=iphoneos*]" = "iPhone Developer";
				COPY_PHASE_STRIP = NO;
				CURRENT_PROJECT_VERSION = 1;
				DEBUG_INFORMATION_FORMAT = dwarf;
				ENABLE_STRICT_OBJC_MSGSEND = YES;
				ENABLE_TESTABILITY = YES;
				GCC_C_LANGUAGE_STANDARD = gnu99;
				GCC_DYNAMIC_NO_PIC = NO;
				GCC_NO_COMMON_BLOCKS = YES;
				GCC_OPTIMIZATION_LEVEL = 0;
				GCC_PREPROCESSOR_DEFINITIONS = (
					"DEBUG=1",
					"$(inherited)",
				);
				GCC_WARN_64_TO_32_BIT_CONVERSION = YES;
				GCC_WARN_ABOUT_RETURN_TYPE = YES_ERROR;
				GCC_WARN_UNDECLARED_SELECTOR = YES;
				GCC_WARN_UNINITIALIZED_AUTOS = YES_AGGRESSIVE;
				GCC_WARN_UNUSED_FUNCTION = YES;
				GCC_WARN_UNUSED_VARIABLE = YES;
				IPHONEOS_DEPLOYMENT_TARGET = 9.2;
				MTL_ENABLE_DEBUG_INFO = YES;
				ONLY_ACTIVE_ARCH = YES;
				SDKROOT = iphoneos;
				SWIFT_OPTIMIZATION_LEVEL = "-Onone";
				TARGETED_DEVICE_FAMILY = "1,2";
				VERSIONING_SYSTEM = "apple-generic";
				VERSION_INFO_PREFIX = "";
			};
			name = Debug;
		};
		FF0B5C1B1C3CF3CA00A15C56 /* Release */ = {
			isa = XCBuildConfiguration;
			buildSettings = {
				ALWAYS_SEARCH_USER_PATHS = NO;
				CLANG_CXX_LANGUAGE_STANDARD = "gnu++0x";
				CLANG_CXX_LIBRARY = "libc++";
				CLANG_ENABLE_MODULES = YES;
				CLANG_ENABLE_OBJC_ARC = YES;
				CLANG_WARN_BOOL_CONVERSION = YES;
				CLANG_WARN_CONSTANT_CONVERSION = YES;
				CLANG_WARN_DIRECT_OBJC_ISA_USAGE = YES_ERROR;
				CLANG_WARN_EMPTY_BODY = YES;
				CLANG_WARN_ENUM_CONVERSION = YES;
				CLANG_WARN_INT_CONVERSION = YES;
				CLANG_WARN_OBJC_ROOT_CLASS = YES_ERROR;
				CLANG_WARN_UNREACHABLE_CODE = YES;
				CLANG_WARN__DUPLICATE_METHOD_MATCH = YES;
				"CODE_SIGN_IDENTITY[sdk=iphoneos*]" = "iPhone Developer";
				COPY_PHASE_STRIP = NO;
				CURRENT_PROJECT_VERSION = 1;
				DEBUG_INFORMATION_FORMAT = "dwarf-with-dsym";
				ENABLE_NS_ASSERTIONS = NO;
				ENABLE_STRICT_OBJC_MSGSEND = YES;
				GCC_C_LANGUAGE_STANDARD = gnu99;
				GCC_NO_COMMON_BLOCKS = YES;
				GCC_WARN_64_TO_32_BIT_CONVERSION = YES;
				GCC_WARN_ABOUT_RETURN_TYPE = YES_ERROR;
				GCC_WARN_UNDECLARED_SELECTOR = YES;
				GCC_WARN_UNINITIALIZED_AUTOS = YES_AGGRESSIVE;
				GCC_WARN_UNUSED_FUNCTION = YES;
				GCC_WARN_UNUSED_VARIABLE = YES;
				IPHONEOS_DEPLOYMENT_TARGET = 9.2;
				MTL_ENABLE_DEBUG_INFO = NO;
				SDKROOT = iphoneos;
				TARGETED_DEVICE_FAMILY = "1,2";
				VALIDATE_PRODUCT = YES;
				VERSIONING_SYSTEM = "apple-generic";
				VERSION_INFO_PREFIX = "";
			};
			name = Release;
		};
		FF0B5C1D1C3CF3CA00A15C56 /* Debug */ = {
			isa = XCBuildConfiguration;
			buildSettings = {
				CLANG_ENABLE_MODULES = YES;
				DEFINES_MODULE = YES;
				DYLIB_COMPATIBILITY_VERSION = 1;
				DYLIB_CURRENT_VERSION = 1;
				DYLIB_INSTALL_NAME_BASE = "@rpath";
				INFOPLIST_FILE = "$(SRCROOT)/Resources/Info.plist";
				INSTALL_PATH = "$(LOCAL_LIBRARY_DIR)/Frameworks";
				LD_RUNPATH_SEARCH_PATHS = "$(inherited) @executable_path/Frameworks @loader_path/Frameworks";
				PRODUCT_BUNDLE_IDENTIFIER = com.interfacelab.SwiftEncoderKit;
				PRODUCT_NAME = "$(TARGET_NAME)";
				SKIP_INSTALL = YES;
				SWIFT_OPTIMIZATION_LEVEL = "-Onone";
			};
			name = Debug;
		};
		FF0B5C1E1C3CF3CA00A15C56 /* Release */ = {
			isa = XCBuildConfiguration;
			buildSettings = {
				CLANG_ENABLE_MODULES = YES;
				DEFINES_MODULE = YES;
				DYLIB_COMPATIBILITY_VERSION = 1;
				DYLIB_CURRENT_VERSION = 1;
				DYLIB_INSTALL_NAME_BASE = "@rpath";
				INFOPLIST_FILE = "$(SRCROOT)/Resources/Info.plist";
				INSTALL_PATH = "$(LOCAL_LIBRARY_DIR)/Frameworks";
				LD_RUNPATH_SEARCH_PATHS = "$(inherited) @executable_path/Frameworks @loader_path/Frameworks";
				PRODUCT_BUNDLE_IDENTIFIER = com.interfacelab.SwiftEncoderKit;
				PRODUCT_NAME = "$(TARGET_NAME)";
				SKIP_INSTALL = YES;
			};
			name = Release;
		};
		FF0B5C201C3CF3CA00A15C56 /* Debug */ = {
			isa = XCBuildConfiguration;
			buildSettings = {
				INFOPLIST_FILE = SwiftEncoderKitTests/Info.plist;
				LD_RUNPATH_SEARCH_PATHS = "$(inherited) @executable_path/Frameworks @loader_path/Frameworks";
				PRODUCT_BUNDLE_IDENTIFIER = com.interfacelab.SwiftEncoderKitTests;
				PRODUCT_NAME = "$(TARGET_NAME)";
			};
			name = Debug;
		};
		FF0B5C211C3CF3CA00A15C56 /* Release */ = {
			isa = XCBuildConfiguration;
			buildSettings = {
				INFOPLIST_FILE = SwiftEncoderKitTests/Info.plist;
				LD_RUNPATH_SEARCH_PATHS = "$(inherited) @executable_path/Frameworks @loader_path/Frameworks";
				PRODUCT_BUNDLE_IDENTIFIER = com.interfacelab.SwiftEncoderKitTests;
				PRODUCT_NAME = "$(TARGET_NAME)";
			};
			name = Release;
		};
/* End XCBuildConfiguration section */

/* Begin XCConfigurationList section */
		FF0B5C021C3CF3C900A15C56 /* Build configuration list for PBXProject "SwiftEncoderKit" */ = {
			isa = XCConfigurationList;
			buildConfigurations = (
				FF0B5C1A1C3CF3CA00A15C56 /* Debug */,
				FF0B5C1B1C3CF3CA00A15C56 /* Release */,
			);
			defaultConfigurationIsVisible = 0;
			defaultConfigurationName = Release;
		};
		FF0B5C1C1C3CF3CA00A15C56 /* Build configuration list for PBXNativeTarget "SwiftEncoderKit" */ = {
			isa = XCConfigurationList;
			buildConfigurations = (
				FF0B5C1D1C3CF3CA00A15C56 /* Debug */,
				FF0B5C1E1C3CF3CA00A15C56 /* Release */,
			);
			defaultConfigurationIsVisible = 0;
			defaultConfigurationName = Release;
		};
		FF0B5C1F1C3CF3CA00A15C56 /* Build configuration list for PBXNativeTarget "SwiftEncoderKitTests" */ = {
			isa = XCConfigurationList;
			buildConfigurations = (
				FF0B5C201C3CF3CA00A15C56 /* Debug */,
				FF0B5C211C3CF3CA00A15C56 /* Release */,
			);
			defaultConfigurationIsVisible = 0;
			defaultConfigurationName = Release;
		};
/* End XCConfigurationList section */
	};
	rootObject = FF0B5BFF1C3CF3C900A15C56 /* Project object */;
}
