// !$*UTF8*$!
{
	archiveVersion = 1;
	classes = {
	};
	objectVersion = 46;
	objects = {

/* Begin PBXBuildFile section */
		FF0B5C131C3CF3CA00A15C56 /* SwiftEncoderKit.framework in Frameworks */ = {isa = PBXBuildFile; fileRef = FF0B5C081C3CF3C900A15C56 /* SwiftEncoderKit.framework */; };
		FF0B5C271C3CF40C00A15C56 /* SwiftEncoderKit.h in Headers */ = {isa = PBXBuildFile; fileRef = FF0B5C241C3CF40C00A15C56 /* SwiftEncoderKit.h */; settings = {ATTRIBUTES = (Public, ); }; };
		FF0B5C381C3CF63D00A15C56 /* Decoder.swift in Sources */ = {isa = PBXBuildFile; fileRef = FF0B5C301C3CF63D00A15C56 /* Decoder.swift */; };
		FF0B5C391C3CF63D00A15C56 /* Decoder.swift in Sources */ = {isa = PBXBuildFile; fileRef = FF0B5C301C3CF63D00A15C56 /* Decoder.swift */; };
		FF0B5C3C1C3CF63D00A15C56 /* Encodable.swift in Sources */ = {isa = PBXBuildFile; fileRef = FF0B5C321C3CF63D00A15C56 /* Encodable.swift */; };
		FF0B5C3D1C3CF63D00A15C56 /* Encodable.swift in Sources */ = {isa = PBXBuildFile; fileRef = FF0B5C321C3CF63D00A15C56 /* Encodable.swift */; };
		FF0B5C3E1C3CF63D00A15C56 /* Encoder.swift in Sources */ = {isa = PBXBuildFile; fileRef = FF0B5C361C3CF63D00A15C56 /* Encoder.swift */; };
		FF0B5C3F1C3CF63D00A15C56 /* Encoder.swift in Sources */ = {isa = PBXBuildFile; fileRef = FF0B5C361C3CF63D00A15C56 /* Encoder.swift */; };
		FF0B5C501C3CF84E00A15C56 /* NSCodingExtension.swift in Sources */ = {isa = PBXBuildFile; fileRef = FF0B5C4D1C3CF84E00A15C56 /* NSCodingExtension.swift */; };
		FF0B5C531C3CF85600A15C56 /* NSCodingExtension.swift in Sources */ = {isa = PBXBuildFile; fileRef = FF0B5C4D1C3CF84E00A15C56 /* NSCodingExtension.swift */; };
		FF0B5C551C3CF8BF00A15C56 /* ArrayExtension.swift in Sources */ = {isa = PBXBuildFile; fileRef = FF0B5C541C3CF8BF00A15C56 /* ArrayExtension.swift */; };
		FF0B5C611C3CF99D00A15C56 /* test-image.jpg in Resources */ = {isa = PBXBuildFile; fileRef = FF0B5C571C3CF99D00A15C56 /* test-image.jpg */; };
		FF0B5C6E1C3CF9E900A15C56 /* SignedIntegerEncoding.swift in Sources */ = {isa = PBXBuildFile; fileRef = FF0B5C6B1C3CF9E900A15C56 /* SignedIntegerEncoding.swift */; };
		FF0B5C6F1C3CF9E900A15C56 /* UnsignedIntegerEncoding.swift in Sources */ = {isa = PBXBuildFile; fileRef = FF0B5C6C1C3CF9E900A15C56 /* UnsignedIntegerEncoding.swift */; };
		FF0B5C851C3CFA8F00A15C56 /* ConstSignedIntegerArrayModel.swift in Sources */ = {isa = PBXBuildFile; fileRef = FF0B5C751C3CFA8F00A15C56 /* ConstSignedIntegerArrayModel.swift */; };
		FF0B5C861C3CFA8F00A15C56 /* ConstSignedIntegerModel.swift in Sources */ = {isa = PBXBuildFile; fileRef = FF0B5C761C3CFA8F00A15C56 /* ConstSignedIntegerModel.swift */; };
		FF0B5C871C3CFA8F00A15C56 /* SignedIntegerArrayModel.swift in Sources */ = {isa = PBXBuildFile; fileRef = FF0B5C771C3CFA8F00A15C56 /* SignedIntegerArrayModel.swift */; };
		FF0B5C881C3CFA8F00A15C56 /* SignedIntegerModel.swift in Sources */ = {isa = PBXBuildFile; fileRef = FF0B5C781C3CFA8F00A15C56 /* SignedIntegerModel.swift */; };
		FF0B5C8B1C3CFA8F00A15C56 /* ConstUnsignedIntegerArrayModel.swift in Sources */ = {isa = PBXBuildFile; fileRef = FF0B5C7D1C3CFA8F00A15C56 /* ConstUnsignedIntegerArrayModel.swift */; };
		FF0B5C8C1C3CFA8F00A15C56 /* ConstUnsignedIntegerModel.swift in Sources */ = {isa = PBXBuildFile; fileRef = FF0B5C7E1C3CFA8F00A15C56 /* ConstUnsignedIntegerModel.swift */; };
		FF0B5C8D1C3CFA8F00A15C56 /* UnsignedIntegerArrayModel.swift in Sources */ = {isa = PBXBuildFile; fileRef = FF0B5C7F1C3CFA8F00A15C56 /* UnsignedIntegerArrayModel.swift */; };
		FF0B5C8E1C3CFA8F00A15C56 /* UnsignedIntegerModel.swift in Sources */ = {isa = PBXBuildFile; fileRef = FF0B5C801C3CFA8F00A15C56 /* UnsignedIntegerModel.swift */; };
		FF0B5C971C3CFAC100A15C56 /* BoolEncoding.swift in Sources */ = {isa = PBXBuildFile; fileRef = FF0B5C931C3CFAC100A15C56 /* BoolEncoding.swift */; };
		FF0B5C981C3CFAC100A15C56 /* EncodableEncoding.swift in Sources */ = {isa = PBXBuildFile; fileRef = FF0B5C941C3CFAC100A15C56 /* EncodableEncoding.swift */; };
		FF0B5C991C3CFAC100A15C56 /* FloatEncoding.swift in Sources */ = {isa = PBXBuildFile; fileRef = FF0B5C951C3CFAC100A15C56 /* FloatEncoding.swift */; };
		FF0B5C9A1C3CFAC100A15C56 /* StringEncoding.swift in Sources */ = {isa = PBXBuildFile; fileRef = FF0B5C961C3CFAC100A15C56 /* StringEncoding.swift */; };
		FF0B5CA21C3D359E00A15C56 /* BoolArrayModel.swift in Sources */ = {isa = PBXBuildFile; fileRef = FF0B5C9E1C3D359E00A15C56 /* BoolArrayModel.swift */; };
		FF0B5CA31C3D359E00A15C56 /* BoolModel.swift in Sources */ = {isa = PBXBuildFile; fileRef = FF0B5C9F1C3D359E00A15C56 /* BoolModel.swift */; };
		FF0B5CA41C3D359E00A15C56 /* ConstBoolArrayModel.swift in Sources */ = {isa = PBXBuildFile; fileRef = FF0B5CA01C3D359E00A15C56 /* ConstBoolArrayModel.swift */; };
		FF0B5CA51C3D359E00A15C56 /* ConstBoolModel.swift in Sources */ = {isa = PBXBuildFile; fileRef = FF0B5CA11C3D359E00A15C56 /* ConstBoolModel.swift */; };
		FF0B5CA61C3D35AA00A15C56 /* BoolEncoding.swift in Sources */ = {isa = PBXBuildFile; fileRef = FF0B5C931C3CFAC100A15C56 /* BoolEncoding.swift */; };
		FF0B5CA71C3D35AD00A15C56 /* EncodableEncoding.swift in Sources */ = {isa = PBXBuildFile; fileRef = FF0B5C941C3CFAC100A15C56 /* EncodableEncoding.swift */; };
		FF0B5CA81C3D35AF00A15C56 /* FloatEncoding.swift in Sources */ = {isa = PBXBuildFile; fileRef = FF0B5C951C3CFAC100A15C56 /* FloatEncoding.swift */; };
		FF0B5CA91C3D35B100A15C56 /* StringEncoding.swift in Sources */ = {isa = PBXBuildFile; fileRef = FF0B5C961C3CFAC100A15C56 /* StringEncoding.swift */; };
		FF0B5CAA1C3D35B300A15C56 /* SignedIntegerEncoding.swift in Sources */ = {isa = PBXBuildFile; fileRef = FF0B5C6B1C3CF9E900A15C56 /* SignedIntegerEncoding.swift */; };
		FF0B5CAB1C3D35B600A15C56 /* UnsignedIntegerEncoding.swift in Sources */ = {isa = PBXBuildFile; fileRef = FF0B5C6C1C3CF9E900A15C56 /* UnsignedIntegerEncoding.swift */; };
		FF0B5CAC1C3D35B900A15C56 /* ArrayExtension.swift in Sources */ = {isa = PBXBuildFile; fileRef = FF0B5C541C3CF8BF00A15C56 /* ArrayExtension.swift */; };
		FF0B5CB31C3D362500A15C56 /* ConstFloatArrayModel.swift in Sources */ = {isa = PBXBuildFile; fileRef = FF0B5CAF1C3D362500A15C56 /* ConstFloatArrayModel.swift */; };
		FF0B5CB41C3D362500A15C56 /* ConstFloatModel.swift in Sources */ = {isa = PBXBuildFile; fileRef = FF0B5CB01C3D362500A15C56 /* ConstFloatModel.swift */; };
		FF0B5CB51C3D362500A15C56 /* FloatArrayModel.swift in Sources */ = {isa = PBXBuildFile; fileRef = FF0B5CB11C3D362500A15C56 /* FloatArrayModel.swift */; };
		FF0B5CB61C3D362500A15C56 /* FloatModel.swift in Sources */ = {isa = PBXBuildFile; fileRef = FF0B5CB21C3D362500A15C56 /* FloatModel.swift */; };
		FF0B5CBC1C3D366D00A15C56 /* ConstStringArrayModel.swift in Sources */ = {isa = PBXBuildFile; fileRef = FF0B5CB81C3D366D00A15C56 /* ConstStringArrayModel.swift */; };
		FF0B5CBD1C3D366D00A15C56 /* ConstStringModel.swift in Sources */ = {isa = PBXBuildFile; fileRef = FF0B5CB91C3D366D00A15C56 /* ConstStringModel.swift */; };
		FF0B5CBE1C3D366D00A15C56 /* StringArrayModel.swift in Sources */ = {isa = PBXBuildFile; fileRef = FF0B5CBA1C3D366D00A15C56 /* StringArrayModel.swift */; };
		FF0B5CBF1C3D366D00A15C56 /* StringModel.swift in Sources */ = {isa = PBXBuildFile; fileRef = FF0B5CBB1C3D366D00A15C56 /* StringModel.swift */; };
		FF0B5CC81C3D36FD00A15C56 /* ConstNSCodingArrayModel.swift in Sources */ = {isa = PBXBuildFile; fileRef = FF0B5CC41C3D36FD00A15C56 /* ConstNSCodingArrayModel.swift */; };
		FF0B5CC91C3D36FD00A15C56 /* ConstNSCodingModel.swift in Sources */ = {isa = PBXBuildFile; fileRef = FF0B5CC51C3D36FD00A15C56 /* ConstNSCodingModel.swift */; };
		FF0B5CCA1C3D36FD00A15C56 /* NSCodingArrayModel.swift in Sources */ = {isa = PBXBuildFile; fileRef = FF0B5CC61C3D36FD00A15C56 /* NSCodingArrayModel.swift */; };
		FF0B5CCB1C3D36FD00A15C56 /* NSCodingModel.swift in Sources */ = {isa = PBXBuildFile; fileRef = FF0B5CC71C3D36FD00A15C56 /* NSCodingModel.swift */; };
		FF0B5CCE1C3D37FF00A15C56 /* ConstSignedIntegerDictionaryModel.swift in Sources */ = {isa = PBXBuildFile; fileRef = FF0B5CCC1C3D37FF00A15C56 /* ConstSignedIntegerDictionaryModel.swift */; };
		FF0B5CCF1C3D37FF00A15C56 /* SignedIntegerDictionaryModel.swift in Sources */ = {isa = PBXBuildFile; fileRef = FF0B5CCD1C3D37FF00A15C56 /* SignedIntegerDictionaryModel.swift */; };
		FF0B5CD71C3D386600A15C56 /* BoolTests.swift in Sources */ = {isa = PBXBuildFile; fileRef = FF0B5CD11C3D386600A15C56 /* BoolTests.swift */; };
		FF0B5CD81C3D386600A15C56 /* FloatTests.swift in Sources */ = {isa = PBXBuildFile; fileRef = FF0B5CD21C3D386600A15C56 /* FloatTests.swift */; };
		FF0B5CD91C3D386600A15C56 /* NSCodingTests.swift in Sources */ = {isa = PBXBuildFile; fileRef = FF0B5CD31C3D386600A15C56 /* NSCodingTests.swift */; };
		FF0B5CDA1C3D386600A15C56 /* SignedIntegerTests.swift in Sources */ = {isa = PBXBuildFile; fileRef = FF0B5CD41C3D386600A15C56 /* SignedIntegerTests.swift */; };
		FF0B5CDB1C3D386600A15C56 /* StringTests.swift in Sources */ = {isa = PBXBuildFile; fileRef = FF0B5CD51C3D386600A15C56 /* StringTests.swift */; };
		FF0B5CDC1C3D386600A15C56 /* UnsignedIntegerTests.swift in Sources */ = {isa = PBXBuildFile; fileRef = FF0B5CD61C3D386600A15C56 /* UnsignedIntegerTests.swift */; };
		FF0B5CDF1C3D38B500A15C56 /* NSCodingReference.swift in Sources */ = {isa = PBXBuildFile; fileRef = FF0B5CDE1C3D38B500A15C56 /* NSCodingReference.swift */; };
		FF0B5CE11C3D38BF00A15C56 /* NSCodingReferenceTest.swift in Sources */ = {isa = PBXBuildFile; fileRef = FF0B5CE01C3D38BF00A15C56 /* NSCodingReferenceTest.swift */; };
		FF0B5CE41C3D394300A15C56 /* ConstUnsignedIntegerDictionaryModel.swift in Sources */ = {isa = PBXBuildFile; fileRef = FF0B5CE21C3D394300A15C56 /* ConstUnsignedIntegerDictionaryModel.swift */; };
		FF0B5CE51C3D394300A15C56 /* UnsignedIntegerDictionaryModel.swift in Sources */ = {isa = PBXBuildFile; fileRef = FF0B5CE31C3D394300A15C56 /* UnsignedIntegerDictionaryModel.swift */; };
/* End PBXBuildFile section */

/* Begin PBXContainerItemProxy section */
		FF0B5C141C3CF3CA00A15C56 /* PBXContainerItemProxy */ = {
			isa = PBXContainerItemProxy;
			containerPortal = FF0B5BFF1C3CF3C900A15C56 /* Project object */;
			proxyType = 1;
			remoteGlobalIDString = FF0B5C071C3CF3C900A15C56;
			remoteInfo = SwiftEncoderKit;
		};
/* End PBXContainerItemProxy section */

/* Begin PBXFileReference section */
		FF0B5C081C3CF3C900A15C56 /* SwiftEncoderKit.framework */ = {isa = PBXFileReference; explicitFileType = wrapper.framework; includeInIndex = 0; path = SwiftEncoderKit.framework; sourceTree = BUILT_PRODUCTS_DIR; };
		FF0B5C121C3CF3CA00A15C56 /* SwiftEncoderKitTests.xctest */ = {isa = PBXFileReference; explicitFileType = wrapper.cfbundle; includeInIndex = 0; path = SwiftEncoderKitTests.xctest; sourceTree = BUILT_PRODUCTS_DIR; };
		FF0B5C191C3CF3CA00A15C56 /* Info.plist */ = {isa = PBXFileReference; lastKnownFileType = text.plist.xml; path = Info.plist; sourceTree = "<group>"; };
		FF0B5C231C3CF40C00A15C56 /* Info.plist */ = {isa = PBXFileReference; fileEncoding = 4; lastKnownFileType = text.plist.xml; path = Info.plist; sourceTree = "<group>"; };
		FF0B5C241C3CF40C00A15C56 /* SwiftEncoderKit.h */ = {isa = PBXFileReference; fileEncoding = 4; lastKnownFileType = sourcecode.c.h; path = SwiftEncoderKit.h; sourceTree = "<group>"; };
		FF0B5C301C3CF63D00A15C56 /* Decoder.swift */ = {isa = PBXFileReference; fileEncoding = 4; lastKnownFileType = sourcecode.swift; path = Decoder.swift; sourceTree = "<group>"; };
		FF0B5C321C3CF63D00A15C56 /* Encodable.swift */ = {isa = PBXFileReference; fileEncoding = 4; lastKnownFileType = sourcecode.swift; path = Encodable.swift; sourceTree = "<group>"; };
		FF0B5C361C3CF63D00A15C56 /* Encoder.swift */ = {isa = PBXFileReference; fileEncoding = 4; lastKnownFileType = sourcecode.swift; path = Encoder.swift; sourceTree = "<group>"; };
		FF0B5C4D1C3CF84E00A15C56 /* NSCodingExtension.swift */ = {isa = PBXFileReference; fileEncoding = 4; lastKnownFileType = sourcecode.swift; path = NSCodingExtension.swift; sourceTree = "<group>"; };
		FF0B5C541C3CF8BF00A15C56 /* ArrayExtension.swift */ = {isa = PBXFileReference; fileEncoding = 4; lastKnownFileType = sourcecode.swift; path = ArrayExtension.swift; sourceTree = "<group>"; };
		FF0B5C571C3CF99D00A15C56 /* test-image.jpg */ = {isa = PBXFileReference; lastKnownFileType = image.jpeg; path = "test-image.jpg"; sourceTree = "<group>"; };
		FF0B5C6B1C3CF9E900A15C56 /* SignedIntegerEncoding.swift */ = {isa = PBXFileReference; fileEncoding = 4; lastKnownFileType = sourcecode.swift; path = SignedIntegerEncoding.swift; sourceTree = "<group>"; };
		FF0B5C6C1C3CF9E900A15C56 /* UnsignedIntegerEncoding.swift */ = {isa = PBXFileReference; fileEncoding = 4; lastKnownFileType = sourcecode.swift; path = UnsignedIntegerEncoding.swift; sourceTree = "<group>"; };
		FF0B5C751C3CFA8F00A15C56 /* ConstSignedIntegerArrayModel.swift */ = {isa = PBXFileReference; fileEncoding = 4; lastKnownFileType = sourcecode.swift; path = ConstSignedIntegerArrayModel.swift; sourceTree = "<group>"; };
		FF0B5C761C3CFA8F00A15C56 /* ConstSignedIntegerModel.swift */ = {isa = PBXFileReference; fileEncoding = 4; lastKnownFileType = sourcecode.swift; path = ConstSignedIntegerModel.swift; sourceTree = "<group>"; };
		FF0B5C771C3CFA8F00A15C56 /* SignedIntegerArrayModel.swift */ = {isa = PBXFileReference; fileEncoding = 4; lastKnownFileType = sourcecode.swift; path = SignedIntegerArrayModel.swift; sourceTree = "<group>"; };
		FF0B5C781C3CFA8F00A15C56 /* SignedIntegerModel.swift */ = {isa = PBXFileReference; fileEncoding = 4; lastKnownFileType = sourcecode.swift; path = SignedIntegerModel.swift; sourceTree = "<group>"; };
		FF0B5C7D1C3CFA8F00A15C56 /* ConstUnsignedIntegerArrayModel.swift */ = {isa = PBXFileReference; fileEncoding = 4; lastKnownFileType = sourcecode.swift; path = ConstUnsignedIntegerArrayModel.swift; sourceTree = "<group>"; };
		FF0B5C7E1C3CFA8F00A15C56 /* ConstUnsignedIntegerModel.swift */ = {isa = PBXFileReference; fileEncoding = 4; lastKnownFileType = sourcecode.swift; path = ConstUnsignedIntegerModel.swift; sourceTree = "<group>"; };
		FF0B5C7F1C3CFA8F00A15C56 /* UnsignedIntegerArrayModel.swift */ = {isa = PBXFileReference; fileEncoding = 4; lastKnownFileType = sourcecode.swift; path = UnsignedIntegerArrayModel.swift; sourceTree = "<group>"; };
		FF0B5C801C3CFA8F00A15C56 /* UnsignedIntegerModel.swift */ = {isa = PBXFileReference; fileEncoding = 4; lastKnownFileType = sourcecode.swift; path = UnsignedIntegerModel.swift; sourceTree = "<group>"; };
		FF0B5C931C3CFAC100A15C56 /* BoolEncoding.swift */ = {isa = PBXFileReference; fileEncoding = 4; lastKnownFileType = sourcecode.swift; path = BoolEncoding.swift; sourceTree = "<group>"; };
		FF0B5C941C3CFAC100A15C56 /* EncodableEncoding.swift */ = {isa = PBXFileReference; fileEncoding = 4; lastKnownFileType = sourcecode.swift; path = EncodableEncoding.swift; sourceTree = "<group>"; };
		FF0B5C951C3CFAC100A15C56 /* FloatEncoding.swift */ = {isa = PBXFileReference; fileEncoding = 4; lastKnownFileType = sourcecode.swift; path = FloatEncoding.swift; sourceTree = "<group>"; };
		FF0B5C961C3CFAC100A15C56 /* StringEncoding.swift */ = {isa = PBXFileReference; fileEncoding = 4; lastKnownFileType = sourcecode.swift; path = StringEncoding.swift; sourceTree = "<group>"; };
		FF0B5C9E1C3D359E00A15C56 /* BoolArrayModel.swift */ = {isa = PBXFileReference; fileEncoding = 4; lastKnownFileType = sourcecode.swift; path = BoolArrayModel.swift; sourceTree = "<group>"; };
		FF0B5C9F1C3D359E00A15C56 /* BoolModel.swift */ = {isa = PBXFileReference; fileEncoding = 4; lastKnownFileType = sourcecode.swift; path = BoolModel.swift; sourceTree = "<group>"; };
		FF0B5CA01C3D359E00A15C56 /* ConstBoolArrayModel.swift */ = {isa = PBXFileReference; fileEncoding = 4; lastKnownFileType = sourcecode.swift; path = ConstBoolArrayModel.swift; sourceTree = "<group>"; };
		FF0B5CA11C3D359E00A15C56 /* ConstBoolModel.swift */ = {isa = PBXFileReference; fileEncoding = 4; lastKnownFileType = sourcecode.swift; path = ConstBoolModel.swift; sourceTree = "<group>"; };
		FF0B5CAF1C3D362500A15C56 /* ConstFloatArrayModel.swift */ = {isa = PBXFileReference; fileEncoding = 4; lastKnownFileType = sourcecode.swift; path = ConstFloatArrayModel.swift; sourceTree = "<group>"; };
		FF0B5CB01C3D362500A15C56 /* ConstFloatModel.swift */ = {isa = PBXFileReference; fileEncoding = 4; lastKnownFileType = sourcecode.swift; path = ConstFloatModel.swift; sourceTree = "<group>"; };
		FF0B5CB11C3D362500A15C56 /* FloatArrayModel.swift */ = {isa = PBXFileReference; fileEncoding = 4; lastKnownFileType = sourcecode.swift; path = FloatArrayModel.swift; sourceTree = "<group>"; };
		FF0B5CB21C3D362500A15C56 /* FloatModel.swift */ = {isa = PBXFileReference; fileEncoding = 4; lastKnownFileType = sourcecode.swift; path = FloatModel.swift; sourceTree = "<group>"; };
		FF0B5CB81C3D366D00A15C56 /* ConstStringArrayModel.swift */ = {isa = PBXFileReference; fileEncoding = 4; lastKnownFileType = sourcecode.swift; path = ConstStringArrayModel.swift; sourceTree = "<group>"; };
		FF0B5CB91C3D366D00A15C56 /* ConstStringModel.swift */ = {isa = PBXFileReference; fileEncoding = 4; lastKnownFileType = sourcecode.swift; path = ConstStringModel.swift; sourceTree = "<group>"; };
		FF0B5CBA1C3D366D00A15C56 /* StringArrayModel.swift */ = {isa = PBXFileReference; fileEncoding = 4; lastKnownFileType = sourcecode.swift; path = StringArrayModel.swift; sourceTree = "<group>"; };
		FF0B5CBB1C3D366D00A15C56 /* StringModel.swift */ = {isa = PBXFileReference; fileEncoding = 4; lastKnownFileType = sourcecode.swift; path = StringModel.swift; sourceTree = "<group>"; };
		FF0B5CC41C3D36FD00A15C56 /* ConstNSCodingArrayModel.swift */ = {isa = PBXFileReference; fileEncoding = 4; lastKnownFileType = sourcecode.swift; path = ConstNSCodingArrayModel.swift; sourceTree = "<group>"; };
		FF0B5CC51C3D36FD00A15C56 /* ConstNSCodingModel.swift */ = {isa = PBXFileReference; fileEncoding = 4; lastKnownFileType = sourcecode.swift; path = ConstNSCodingModel.swift; sourceTree = "<group>"; };
		FF0B5CC61C3D36FD00A15C56 /* NSCodingArrayModel.swift */ = {isa = PBXFileReference; fileEncoding = 4; lastKnownFileType = sourcecode.swift; path = NSCodingArrayModel.swift; sourceTree = "<group>"; };
		FF0B5CC71C3D36FD00A15C56 /* NSCodingModel.swift */ = {isa = PBXFileReference; fileEncoding = 4; lastKnownFileType = sourcecode.swift; path = NSCodingModel.swift; sourceTree = "<group>"; };
		FF0B5CCC1C3D37FF00A15C56 /* ConstSignedIntegerDictionaryModel.swift */ = {isa = PBXFileReference; fileEncoding = 4; lastKnownFileType = sourcecode.swift; path = ConstSignedIntegerDictionaryModel.swift; sourceTree = "<group>"; };
		FF0B5CCD1C3D37FF00A15C56 /* SignedIntegerDictionaryModel.swift */ = {isa = PBXFileReference; fileEncoding = 4; lastKnownFileType = sourcecode.swift; path = SignedIntegerDictionaryModel.swift; sourceTree = "<group>"; };
		FF0B5CD11C3D386600A15C56 /* BoolTests.swift */ = {isa = PBXFileReference; fileEncoding = 4; lastKnownFileType = sourcecode.swift; path = BoolTests.swift; sourceTree = "<group>"; };
		FF0B5CD21C3D386600A15C56 /* FloatTests.swift */ = {isa = PBXFileReference; fileEncoding = 4; lastKnownFileType = sourcecode.swift; path = FloatTests.swift; sourceTree = "<group>"; };
		FF0B5CD31C3D386600A15C56 /* NSCodingTests.swift */ = {isa = PBXFileReference; fileEncoding = 4; lastKnownFileType = sourcecode.swift; path = NSCodingTests.swift; sourceTree = "<group>"; };
		FF0B5CD41C3D386600A15C56 /* SignedIntegerTests.swift */ = {isa = PBXFileReference; fileEncoding = 4; lastKnownFileType = sourcecode.swift; path = SignedIntegerTests.swift; sourceTree = "<group>"; };
		FF0B5CD51C3D386600A15C56 /* StringTests.swift */ = {isa = PBXFileReference; fileEncoding = 4; lastKnownFileType = sourcecode.swift; path = StringTests.swift; sourceTree = "<group>"; };
		FF0B5CD61C3D386600A15C56 /* UnsignedIntegerTests.swift */ = {isa = PBXFileReference; fileEncoding = 4; lastKnownFileType = sourcecode.swift; path = UnsignedIntegerTests.swift; sourceTree = "<group>"; };
		FF0B5CDE1C3D38B500A15C56 /* NSCodingReference.swift */ = {isa = PBXFileReference; fileEncoding = 4; lastKnownFileType = sourcecode.swift; path = NSCodingReference.swift; sourceTree = "<group>"; };
		FF0B5CE01C3D38BF00A15C56 /* NSCodingReferenceTest.swift */ = {isa = PBXFileReference; fileEncoding = 4; lastKnownFileType = sourcecode.swift; path = NSCodingReferenceTest.swift; sourceTree = "<group>"; };
		FF0B5CE21C3D394300A15C56 /* ConstUnsignedIntegerDictionaryModel.swift */ = {isa = PBXFileReference; fileEncoding = 4; lastKnownFileType = sourcecode.swift; path = ConstUnsignedIntegerDictionaryModel.swift; sourceTree = "<group>"; };
		FF0B5CE31C3D394300A15C56 /* UnsignedIntegerDictionaryModel.swift */ = {isa = PBXFileReference; fileEncoding = 4; lastKnownFileType = sourcecode.swift; path = UnsignedIntegerDictionaryModel.swift; sourceTree = "<group>"; };
/* End PBXFileReference section */

/* Begin PBXFrameworksBuildPhase section */
		FF0B5C041C3CF3C900A15C56 /* Frameworks */ = {
			isa = PBXFrameworksBuildPhase;
			buildActionMask = 2147483647;
			files = (
			);
			runOnlyForDeploymentPostprocessing = 0;
		};
		FF0B5C0F1C3CF3CA00A15C56 /* Frameworks */ = {
			isa = PBXFrameworksBuildPhase;
			buildActionMask = 2147483647;
			files = (
				FF0B5C131C3CF3CA00A15C56 /* SwiftEncoderKit.framework in Frameworks */,
			);
			runOnlyForDeploymentPostprocessing = 0;
		};
/* End PBXFrameworksBuildPhase section */

/* Begin PBXGroup section */
		FF0B5BFE1C3CF3C900A15C56 = {
			isa = PBXGroup;
			children = (
				FF0B5C251C3CF40C00A15C56 /* Source */,
				FF0B5C161C3CF3CA00A15C56 /* SwiftEncoderKitTests */,
				FF0B5C091C3CF3C900A15C56 /* Products */,
				FF0B5C221C3CF40C00A15C56 /* Resources */,
			);
			sourceTree = "<group>";
		};
		FF0B5C091C3CF3C900A15C56 /* Products */ = {
			isa = PBXGroup;
			children = (
				FF0B5C081C3CF3C900A15C56 /* SwiftEncoderKit.framework */,
				FF0B5C121C3CF3CA00A15C56 /* SwiftEncoderKitTests.xctest */,
			);
			name = Products;
			sourceTree = "<group>";
		};
		FF0B5C161C3CF3CA00A15C56 /* SwiftEncoderKitTests */ = {
			isa = PBXGroup;
			children = (
				FF0B5C581C3CF99D00A15C56 /* Models */,
				FF0B5CD01C3D386600A15C56 /* Tests */,
				FF0B5CDD1C3D38B500A15C56 /* Misc */,
				FF0B5C561C3CF99D00A15C56 /* Resources */,
				FF0B5C191C3CF3CA00A15C56 /* Info.plist */,
			);
			path = SwiftEncoderKitTests;
			sourceTree = "<group>";
		};
		FF0B5C221C3CF40C00A15C56 /* Resources */ = {
			isa = PBXGroup;
			children = (
				FF0B5C231C3CF40C00A15C56 /* Info.plist */,
				FF0B5C241C3CF40C00A15C56 /* SwiftEncoderKit.h */,
			);
			path = Resources;
			sourceTree = "<group>";
		};
		FF0B5C251C3CF40C00A15C56 /* Source */ = {
			isa = PBXGroup;
			children = (
				FF0B5C4A1C3CF84E00A15C56 /* Extensions */,
				FF0B5C301C3CF63D00A15C56 /* Decoder.swift */,
				FF0B5C321C3CF63D00A15C56 /* Encodable.swift */,
				FF0B5C361C3CF63D00A15C56 /* Encoder.swift */,
			);
			path = Source;
			sourceTree = "<group>";
		};
		FF0B5C4A1C3CF84E00A15C56 /* Extensions */ = {
			isa = PBXGroup;
			children = (
				FF0B5C931C3CFAC100A15C56 /* BoolEncoding.swift */,
				FF0B5C941C3CFAC100A15C56 /* EncodableEncoding.swift */,
				FF0B5C951C3CFAC100A15C56 /* FloatEncoding.swift */,
				FF0B5C961C3CFAC100A15C56 /* StringEncoding.swift */,
				FF0B5C6B1C3CF9E900A15C56 /* SignedIntegerEncoding.swift */,
				FF0B5C6C1C3CF9E900A15C56 /* UnsignedIntegerEncoding.swift */,
				FF0B5C541C3CF8BF00A15C56 /* ArrayExtension.swift */,
				FF0B5C4D1C3CF84E00A15C56 /* NSCodingExtension.swift */,
			);
			path = Extensions;
			sourceTree = "<group>";
		};
		FF0B5C561C3CF99D00A15C56 /* Resources */ = {
			isa = PBXGroup;
			children = (
				FF0B5C571C3CF99D00A15C56 /* test-image.jpg */,
			);
			path = Resources;
			sourceTree = "<group>";
		};
		FF0B5C581C3CF99D00A15C56 /* Models */ = {
			isa = PBXGroup;
			children = (
				FF0B5CB71C3D366D00A15C56 /* String */,
				FF0B5CAE1C3D362500A15C56 /* Float */,
				FF0B5C9D1C3D359E00A15C56 /* Bool */,
				FF0B5C721C3CFA8F00A15C56 /* NSCoding */,
				FF0B5C741C3CFA8F00A15C56 /* Signed Integer */,
				FF0B5C791C3CFA8F00A15C56 /* Struct */,
				FF0B5C7C1C3CFA8F00A15C56 /* Unsigned Integer */,
				FF0B5C811C3CFA8F00A15C56 /* CGFloat */,
				FF0B5C821C3CFA8F00A15C56 /* Core Media */,
				FF0B5C831C3CFA8F00A15C56 /* API */,
			);
			path = Models;
			sourceTree = "<group>";
		};
		FF0B5C721C3CFA8F00A15C56 /* NSCoding */ = {
			isa = PBXGroup;
			children = (
				FF0B5CC41C3D36FD00A15C56 /* ConstNSCodingArrayModel.swift */,
				FF0B5CC51C3D36FD00A15C56 /* ConstNSCodingModel.swift */,
				FF0B5CC61C3D36FD00A15C56 /* NSCodingArrayModel.swift */,
				FF0B5CC71C3D36FD00A15C56 /* NSCodingModel.swift */,
			);
			path = NSCoding;
			sourceTree = "<group>";
		};
		FF0B5C741C3CFA8F00A15C56 /* Signed Integer */ = {
			isa = PBXGroup;
			children = (
				FF0B5CCC1C3D37FF00A15C56 /* ConstSignedIntegerDictionaryModel.swift */,
				FF0B5CCD1C3D37FF00A15C56 /* SignedIntegerDictionaryModel.swift */,
				FF0B5C751C3CFA8F00A15C56 /* ConstSignedIntegerArrayModel.swift */,
				FF0B5C761C3CFA8F00A15C56 /* ConstSignedIntegerModel.swift */,
				FF0B5C771C3CFA8F00A15C56 /* SignedIntegerArrayModel.swift */,
				FF0B5C781C3CFA8F00A15C56 /* SignedIntegerModel.swift */,
			);
			path = "Signed Integer";
			sourceTree = "<group>";
		};
		FF0B5C791C3CFA8F00A15C56 /* Struct */ = {
			isa = PBXGroup;
			children = (
			);
			path = Struct;
			sourceTree = "<group>";
		};
		FF0B5C7C1C3CFA8F00A15C56 /* Unsigned Integer */ = {
			isa = PBXGroup;
			children = (
				FF0B5CE21C3D394300A15C56 /* ConstUnsignedIntegerDictionaryModel.swift */,
				FF0B5CE31C3D394300A15C56 /* UnsignedIntegerDictionaryModel.swift */,
				FF0B5C7D1C3CFA8F00A15C56 /* ConstUnsignedIntegerArrayModel.swift */,
				FF0B5C7E1C3CFA8F00A15C56 /* ConstUnsignedIntegerModel.swift */,
				FF0B5C7F1C3CFA8F00A15C56 /* UnsignedIntegerArrayModel.swift */,
				FF0B5C801C3CFA8F00A15C56 /* UnsignedIntegerModel.swift */,
			);
			path = "Unsigned Integer";
			sourceTree = "<group>";
		};
		FF0B5C811C3CFA8F00A15C56 /* CGFloat */ = {
			isa = PBXGroup;
			children = (
			);
			path = CGFloat;
			sourceTree = "<group>";
		};
		FF0B5C821C3CFA8F00A15C56 /* Core Media */ = {
			isa = PBXGroup;
			children = (
			);
			path = "Core Media";
			sourceTree = "<group>";
		};
		FF0B5C831C3CFA8F00A15C56 /* API */ = {
			isa = PBXGroup;
			children = (
			);
			path = API;
			sourceTree = "<group>";
		};
		FF0B5C9D1C3D359E00A15C56 /* Bool */ = {
			isa = PBXGroup;
			children = (
				FF0B5C9E1C3D359E00A15C56 /* BoolArrayModel.swift */,
				FF0B5C9F1C3D359E00A15C56 /* BoolModel.swift */,
				FF0B5CA01C3D359E00A15C56 /* ConstBoolArrayModel.swift */,
				FF0B5CA11C3D359E00A15C56 /* ConstBoolModel.swift */,
			);
			path = Bool;
			sourceTree = "<group>";
		};
		FF0B5CAE1C3D362500A15C56 /* Float */ = {
			isa = PBXGroup;
			children = (
				FF0B5CAF1C3D362500A15C56 /* ConstFloatArrayModel.swift */,
				FF0B5CB01C3D362500A15C56 /* ConstFloatModel.swift */,
				FF0B5CB11C3D362500A15C56 /* FloatArrayModel.swift */,
				FF0B5CB21C3D362500A15C56 /* FloatModel.swift */,
			);
			path = Float;
			sourceTree = "<group>";
		};
		FF0B5CB71C3D366D00A15C56 /* String */ = {
			isa = PBXGroup;
			children = (
				FF0B5CB81C3D366D00A15C56 /* ConstStringArrayModel.swift */,
				FF0B5CB91C3D366D00A15C56 /* ConstStringModel.swift */,
				FF0B5CBA1C3D366D00A15C56 /* StringArrayModel.swift */,
				FF0B5CBB1C3D366D00A15C56 /* StringModel.swift */,
			);
			path = String;
			sourceTree = "<group>";
		};
		FF0B5CD01C3D386600A15C56 /* Tests */ = {
			isa = PBXGroup;
			children = (
				FF0B5CD11C3D386600A15C56 /* BoolTests.swift */,
				FF0B5CD21C3D386600A15C56 /* FloatTests.swift */,
				FF0B5CD31C3D386600A15C56 /* NSCodingTests.swift */,
				FF0B5CD41C3D386600A15C56 /* SignedIntegerTests.swift */,
				FF0B5CD51C3D386600A15C56 /* StringTests.swift */,
				FF0B5CD61C3D386600A15C56 /* UnsignedIntegerTests.swift */,
				FF0B5CE01C3D38BF00A15C56 /* NSCodingReferenceTest.swift */,
			);
			path = Tests;
			sourceTree = "<group>";
		};
		FF0B5CDD1C3D38B500A15C56 /* Misc */ = {
			isa = PBXGroup;
			children = (
				FF0B5CDE1C3D38B500A15C56 /* NSCodingReference.swift */,
			);
			path = Misc;
			sourceTree = "<group>";
		};
/* End PBXGroup section */

/* Begin PBXHeadersBuildPhase section */
		FF0B5C051C3CF3C900A15C56 /* Headers */ = {
			isa = PBXHeadersBuildPhase;
			buildActionMask = 2147483647;
			files = (
				FF0B5C271C3CF40C00A15C56 /* SwiftEncoderKit.h in Headers */,
			);
			runOnlyForDeploymentPostprocessing = 0;
		};
/* End PBXHeadersBuildPhase section */

/* Begin PBXNativeTarget section */
		FF0B5C071C3CF3C900A15C56 /* SwiftEncoderKit */ = {
			isa = PBXNativeTarget;
			buildConfigurationList = FF0B5C1C1C3CF3CA00A15C56 /* Build configuration list for PBXNativeTarget "SwiftEncoderKit" */;
			buildPhases = (
				FF0B5C031C3CF3C900A15C56 /* Sources */,
				FF0B5C041C3CF3C900A15C56 /* Frameworks */,
				FF0B5C051C3CF3C900A15C56 /* Headers */,
				FF0B5C061C3CF3C900A15C56 /* Resources */,
			);
			buildRules = (
			);
			dependencies = (
			);
			name = SwiftEncoderKit;
			productName = SwiftEncoderKit;
			productReference = FF0B5C081C3CF3C900A15C56 /* SwiftEncoderKit.framework */;
			productType = "com.apple.product-type.framework";
		};
		FF0B5C111C3CF3CA00A15C56 /* SwiftEncoderKitTests */ = {
			isa = PBXNativeTarget;
			buildConfigurationList = FF0B5C1F1C3CF3CA00A15C56 /* Build configuration list for PBXNativeTarget "SwiftEncoderKitTests" */;
			buildPhases = (
				FF0B5C0E1C3CF3CA00A15C56 /* Sources */,
				FF0B5C0F1C3CF3CA00A15C56 /* Frameworks */,
				FF0B5C101C3CF3CA00A15C56 /* Resources */,
			);
			buildRules = (
			);
			dependencies = (
				FF0B5C151C3CF3CA00A15C56 /* PBXTargetDependency */,
			);
			name = SwiftEncoderKitTests;
			productName = SwiftEncoderKitTests;
			productReference = FF0B5C121C3CF3CA00A15C56 /* SwiftEncoderKitTests.xctest */;
			productType = "com.apple.product-type.bundle.unit-test";
		};
/* End PBXNativeTarget section */

/* Begin PBXProject section */
		FF0B5BFF1C3CF3C900A15C56 /* Project object */ = {
			isa = PBXProject;
			attributes = {
				LastSwiftUpdateCheck = 0720;
				LastUpgradeCheck = 0720;
				ORGANIZATIONNAME = "Interfacelab LLC";
				TargetAttributes = {
					FF0B5C071C3CF3C900A15C56 = {
						CreatedOnToolsVersion = 7.2;
					};
					FF0B5C111C3CF3CA00A15C56 = {
						CreatedOnToolsVersion = 7.2;
					};
				};
			};
			buildConfigurationList = FF0B5C021C3CF3C900A15C56 /* Build configuration list for PBXProject "SwiftEncoderKit" */;
			compatibilityVersion = "Xcode 3.2";
			developmentRegion = English;
			hasScannedForEncodings = 0;
			knownRegions = (
				en,
			);
			mainGroup = FF0B5BFE1C3CF3C900A15C56;
			productRefGroup = FF0B5C091C3CF3C900A15C56 /* Products */;
			projectDirPath = "";
			projectRoot = "";
			targets = (
				FF0B5C071C3CF3C900A15C56 /* SwiftEncoderKit */,
				FF0B5C111C3CF3CA00A15C56 /* SwiftEncoderKitTests */,
			);
		};
/* End PBXProject section */

/* Begin PBXResourcesBuildPhase section */
		FF0B5C061C3CF3C900A15C56 /* Resources */ = {
			isa = PBXResourcesBuildPhase;
			buildActionMask = 2147483647;
			files = (
			);
			runOnlyForDeploymentPostprocessing = 0;
		};
		FF0B5C101C3CF3CA00A15C56 /* Resources */ = {
			isa = PBXResourcesBuildPhase;
			buildActionMask = 2147483647;
			files = (
				FF0B5C611C3CF99D00A15C56 /* test-image.jpg in Resources */,
			);
			runOnlyForDeploymentPostprocessing = 0;
		};
/* End PBXResourcesBuildPhase section */

/* Begin PBXSourcesBuildPhase section */
		FF0B5C031C3CF3C900A15C56 /* Sources */ = {
			isa = PBXSourcesBuildPhase;
			buildActionMask = 2147483647;
			files = (
				FF0B5C531C3CF85600A15C56 /* NSCodingExtension.swift in Sources */,
				FF0B5C3E1C3CF63D00A15C56 /* Encoder.swift in Sources */,
				FF0B5CA71C3D35AD00A15C56 /* EncodableEncoding.swift in Sources */,
				FF0B5CA81C3D35AF00A15C56 /* FloatEncoding.swift in Sources */,
				FF0B5C3C1C3CF63D00A15C56 /* Encodable.swift in Sources */,
				FF0B5CAA1C3D35B300A15C56 /* SignedIntegerEncoding.swift in Sources */,
				FF0B5CAB1C3D35B600A15C56 /* UnsignedIntegerEncoding.swift in Sources */,
				FF0B5CA91C3D35B100A15C56 /* StringEncoding.swift in Sources */,
				FF0B5CA61C3D35AA00A15C56 /* BoolEncoding.swift in Sources */,
				FF0B5C381C3CF63D00A15C56 /* Decoder.swift in Sources */,
				FF0B5CAC1C3D35B900A15C56 /* ArrayExtension.swift in Sources */,
			);
			runOnlyForDeploymentPostprocessing = 0;
		};
		FF0B5C0E1C3CF3CA00A15C56 /* Sources */ = {
			isa = PBXSourcesBuildPhase;
			buildActionMask = 2147483647;
			files = (
				FF0B5CB61C3D362500A15C56 /* FloatModel.swift in Sources */,
				FF0B5CE51C3D394300A15C56 /* UnsignedIntegerDictionaryModel.swift in Sources */,
				FF0B5C8C1C3CFA8F00A15C56 /* ConstUnsignedIntegerModel.swift in Sources */,
				FF0B5CCE1C3D37FF00A15C56 /* ConstSignedIntegerDictionaryModel.swift in Sources */,
				FF0B5C981C3CFAC100A15C56 /* EncodableEncoding.swift in Sources */,
				FF0B5CB31C3D362500A15C56 /* ConstFloatArrayModel.swift in Sources */,
				FF0B5CC91C3D36FD00A15C56 /* ConstNSCodingModel.swift in Sources */,
				FF0B5CD91C3D386600A15C56 /* NSCodingTests.swift in Sources */,
				FF0B5C971C3CFAC100A15C56 /* BoolEncoding.swift in Sources */,
				FF0B5CCF1C3D37FF00A15C56 /* SignedIntegerDictionaryModel.swift in Sources */,
				FF0B5C9A1C3CFAC100A15C56 /* StringEncoding.swift in Sources */,
				FF0B5CDB1C3D386600A15C56 /* StringTests.swift in Sources */,
				FF0B5CBC1C3D366D00A15C56 /* ConstStringArrayModel.swift in Sources */,
				FF0B5CCB1C3D36FD00A15C56 /* NSCodingModel.swift in Sources */,
				FF0B5CDA1C3D386600A15C56 /* SignedIntegerTests.swift in Sources */,
				FF0B5C991C3CFAC100A15C56 /* FloatEncoding.swift in Sources */,
				FF0B5C501C3CF84E00A15C56 /* NSCodingExtension.swift in Sources */,
				FF0B5C8B1C3CFA8F00A15C56 /* ConstUnsignedIntegerArrayModel.swift in Sources */,
				FF0B5C8D1C3CFA8F00A15C56 /* UnsignedIntegerArrayModel.swift in Sources */,
				FF0B5CDC1C3D386600A15C56 /* UnsignedIntegerTests.swift in Sources */,
				FF0B5C391C3CF63D00A15C56 /* Decoder.swift in Sources */,
				FF0B5CBF1C3D366D00A15C56 /* StringModel.swift in Sources */,
				FF0B5C8E1C3CFA8F00A15C56 /* UnsignedIntegerModel.swift in Sources */,
				FF0B5CCA1C3D36FD00A15C56 /* NSCodingArrayModel.swift in Sources */,
				FF0B5C871C3CFA8F00A15C56 /* SignedIntegerArrayModel.swift in Sources */,
				FF0B5C6E1C3CF9E900A15C56 /* SignedIntegerEncoding.swift in Sources */,
				FF0B5CD81C3D386600A15C56 /* FloatTests.swift in Sources */,
				FF0B5CBD1C3D366D00A15C56 /* ConstStringModel.swift in Sources */,
				FF0B5CE41C3D394300A15C56 /* ConstUnsignedIntegerDictionaryModel.swift in Sources */,
				FF0B5C3D1C3CF63D00A15C56 /* Encodable.swift in Sources */,
				FF0B5CA51C3D359E00A15C56 /* ConstBoolModel.swift in Sources */,
				FF0B5CC81C3D36FD00A15C56 /* ConstNSCodingArrayModel.swift in Sources */,
				FF0B5C6F1C3CF9E900A15C56 /* UnsignedIntegerEncoding.swift in Sources */,
				FF0B5C3F1C3CF63D00A15C56 /* Encoder.swift in Sources */,
				FF0B5CD71C3D386600A15C56 /* BoolTests.swift in Sources */,
				FF0B5CA41C3D359E00A15C56 /* ConstBoolArrayModel.swift in Sources */,
				FF0B5CB51C3D362500A15C56 /* FloatArrayModel.swift in Sources */,
				FF0B5CE11C3D38BF00A15C56 /* NSCodingReferenceTest.swift in Sources */,
				FF0B5C881C3CFA8F00A15C56 /* SignedIntegerModel.swift in Sources */,
				FF0B5C851C3CFA8F00A15C56 /* ConstSignedIntegerArrayModel.swift in Sources */,
				FF0B5CBE1C3D366D00A15C56 /* StringArrayModel.swift in Sources */,
				FF0B5CDF1C3D38B500A15C56 /* NSCodingReference.swift in Sources */,
				FF0B5C551C3CF8BF00A15C56 /* ArrayExtension.swift in Sources */,
				FF0B5CB41C3D362500A15C56 /* ConstFloatModel.swift in Sources */,
				FF0B5CA31C3D359E00A15C56 /* BoolModel.swift in Sources */,
				FF0B5CA21C3D359E00A15C56 /* BoolArrayModel.swift in Sources */,
				FF0B5C861C3CFA8F00A15C56 /* ConstSignedIntegerModel.swift in Sources */,
			);
			runOnlyForDeploymentPostprocessing = 0;
		};
/* End PBXSourcesBuildPhase section */

/* Begin PBXTargetDependency section */
		FF0B5C151C3CF3CA00A15C56 /* PBXTargetDependency */ = {
			isa = PBXTargetDependency;
			target = FF0B5C071C3CF3C900A15C56 /* SwiftEncoderKit */;
			targetProxy = FF0B5C141C3CF3CA00A15C56 /* PBXContainerItemProxy */;
		};
/* End PBXTargetDependency section */

/* Begin XCBuildConfiguration section */
		FF0B5C1A1C3CF3CA00A15C56 /* Debug */ = {
			isa = XCBuildConfiguration;
			buildSettings = {
				ALWAYS_SEARCH_USER_PATHS = NO;
				CLANG_CXX_LANGUAGE_STANDARD = "gnu++0x";
				CLANG_CXX_LIBRARY = "libc++";
				CLANG_ENABLE_MODULES = YES;
				CLANG_ENABLE_OBJC_ARC = YES;
				CLANG_WARN_BOOL_CONVERSION = YES;
				CLANG_WARN_CONSTANT_CONVERSION = YES;
				CLANG_WARN_DIRECT_OBJC_ISA_USAGE = YES_ERROR;
				CLANG_WARN_EMPTY_BODY = YES;
				CLANG_WARN_ENUM_CONVERSION = YES;
				CLANG_WARN_INT_CONVERSION = YES;
				CLANG_WARN_OBJC_ROOT_CLASS = YES_ERROR;
				CLANG_WARN_UNREACHABLE_CODE = YES;
				CLANG_WARN__DUPLICATE_METHOD_MATCH = YES;
				"CODE_SIGN_IDENTITY[sdk=iphoneos*]" = "iPhone Developer";
				COPY_PHASE_STRIP = NO;
				CURRENT_PROJECT_VERSION = 1;
				DEBUG_INFORMATION_FORMAT = dwarf;
				ENABLE_STRICT_OBJC_MSGSEND = YES;
				ENABLE_TESTABILITY = YES;
				GCC_C_LANGUAGE_STANDARD = gnu99;
				GCC_DYNAMIC_NO_PIC = NO;
				GCC_NO_COMMON_BLOCKS = YES;
				GCC_OPTIMIZATION_LEVEL = 0;
				GCC_PREPROCESSOR_DEFINITIONS = (
					"DEBUG=1",
					"$(inherited)",
				);
				GCC_WARN_64_TO_32_BIT_CONVERSION = YES;
				GCC_WARN_ABOUT_RETURN_TYPE = YES_ERROR;
				GCC_WARN_UNDECLARED_SELECTOR = YES;
				GCC_WARN_UNINITIALIZED_AUTOS = YES_AGGRESSIVE;
				GCC_WARN_UNUSED_FUNCTION = YES;
				GCC_WARN_UNUSED_VARIABLE = YES;
				IPHONEOS_DEPLOYMENT_TARGET = 9.2;
				MTL_ENABLE_DEBUG_INFO = YES;
				ONLY_ACTIVE_ARCH = YES;
				SDKROOT = iphoneos;
				SWIFT_OPTIMIZATION_LEVEL = "-Onone";
				TARGETED_DEVICE_FAMILY = "1,2";
				VERSIONING_SYSTEM = "apple-generic";
				VERSION_INFO_PREFIX = "";
			};
			name = Debug;
		};
		FF0B5C1B1C3CF3CA00A15C56 /* Release */ = {
			isa = XCBuildConfiguration;
			buildSettings = {
				ALWAYS_SEARCH_USER_PATHS = NO;
				CLANG_CXX_LANGUAGE_STANDARD = "gnu++0x";
				CLANG_CXX_LIBRARY = "libc++";
				CLANG_ENABLE_MODULES = YES;
				CLANG_ENABLE_OBJC_ARC = YES;
				CLANG_WARN_BOOL_CONVERSION = YES;
				CLANG_WARN_CONSTANT_CONVERSION = YES;
				CLANG_WARN_DIRECT_OBJC_ISA_USAGE = YES_ERROR;
				CLANG_WARN_EMPTY_BODY = YES;
				CLANG_WARN_ENUM_CONVERSION = YES;
				CLANG_WARN_INT_CONVERSION = YES;
				CLANG_WARN_OBJC_ROOT_CLASS = YES_ERROR;
				CLANG_WARN_UNREACHABLE_CODE = YES;
				CLANG_WARN__DUPLICATE_METHOD_MATCH = YES;
				"CODE_SIGN_IDENTITY[sdk=iphoneos*]" = "iPhone Developer";
				COPY_PHASE_STRIP = NO;
				CURRENT_PROJECT_VERSION = 1;
				DEBUG_INFORMATION_FORMAT = "dwarf-with-dsym";
				ENABLE_NS_ASSERTIONS = NO;
				ENABLE_STRICT_OBJC_MSGSEND = YES;
				GCC_C_LANGUAGE_STANDARD = gnu99;
				GCC_NO_COMMON_BLOCKS = YES;
				GCC_WARN_64_TO_32_BIT_CONVERSION = YES;
				GCC_WARN_ABOUT_RETURN_TYPE = YES_ERROR;
				GCC_WARN_UNDECLARED_SELECTOR = YES;
				GCC_WARN_UNINITIALIZED_AUTOS = YES_AGGRESSIVE;
				GCC_WARN_UNUSED_FUNCTION = YES;
				GCC_WARN_UNUSED_VARIABLE = YES;
				IPHONEOS_DEPLOYMENT_TARGET = 9.2;
				MTL_ENABLE_DEBUG_INFO = NO;
				SDKROOT = iphoneos;
				TARGETED_DEVICE_FAMILY = "1,2";
				VALIDATE_PRODUCT = YES;
				VERSIONING_SYSTEM = "apple-generic";
				VERSION_INFO_PREFIX = "";
			};
			name = Release;
		};
		FF0B5C1D1C3CF3CA00A15C56 /* Debug */ = {
			isa = XCBuildConfiguration;
			buildSettings = {
				CLANG_ENABLE_MODULES = YES;
				DEFINES_MODULE = YES;
				DYLIB_COMPATIBILITY_VERSION = 1;
				DYLIB_CURRENT_VERSION = 1;
				DYLIB_INSTALL_NAME_BASE = "@rpath";
				INFOPLIST_FILE = "$(SRCROOT)/Resources/Info.plist";
				INSTALL_PATH = "$(LOCAL_LIBRARY_DIR)/Frameworks";
				LD_RUNPATH_SEARCH_PATHS = "$(inherited) @executable_path/Frameworks @loader_path/Frameworks";
				PRODUCT_BUNDLE_IDENTIFIER = com.interfacelab.SwiftEncoderKit;
				PRODUCT_NAME = "$(TARGET_NAME)";
				SKIP_INSTALL = YES;
				SWIFT_OPTIMIZATION_LEVEL = "-Onone";
			};
			name = Debug;
		};
		FF0B5C1E1C3CF3CA00A15C56 /* Release */ = {
			isa = XCBuildConfiguration;
			buildSettings = {
				CLANG_ENABLE_MODULES = YES;
				DEFINES_MODULE = YES;
				DYLIB_COMPATIBILITY_VERSION = 1;
				DYLIB_CURRENT_VERSION = 1;
				DYLIB_INSTALL_NAME_BASE = "@rpath";
				INFOPLIST_FILE = "$(SRCROOT)/Resources/Info.plist";
				INSTALL_PATH = "$(LOCAL_LIBRARY_DIR)/Frameworks";
				LD_RUNPATH_SEARCH_PATHS = "$(inherited) @executable_path/Frameworks @loader_path/Frameworks";
				PRODUCT_BUNDLE_IDENTIFIER = com.interfacelab.SwiftEncoderKit;
				PRODUCT_NAME = "$(TARGET_NAME)";
				SKIP_INSTALL = YES;
			};
			name = Release;
		};
		FF0B5C201C3CF3CA00A15C56 /* Debug */ = {
			isa = XCBuildConfiguration;
			buildSettings = {
				INFOPLIST_FILE = SwiftEncoderKitTests/Info.plist;
				LD_RUNPATH_SEARCH_PATHS = "$(inherited) @executable_path/Frameworks @loader_path/Frameworks";
				PRODUCT_BUNDLE_IDENTIFIER = com.interfacelab.SwiftEncoderKitTests;
				PRODUCT_NAME = "$(TARGET_NAME)";
			};
			name = Debug;
		};
		FF0B5C211C3CF3CA00A15C56 /* Release */ = {
			isa = XCBuildConfiguration;
			buildSettings = {
				INFOPLIST_FILE = SwiftEncoderKitTests/Info.plist;
				LD_RUNPATH_SEARCH_PATHS = "$(inherited) @executable_path/Frameworks @loader_path/Frameworks";
				PRODUCT_BUNDLE_IDENTIFIER = com.interfacelab.SwiftEncoderKitTests;
				PRODUCT_NAME = "$(TARGET_NAME)";
			};
			name = Release;
		};
/* End XCBuildConfiguration section */

/* Begin XCConfigurationList section */
		FF0B5C021C3CF3C900A15C56 /* Build configuration list for PBXProject "SwiftEncoderKit" */ = {
			isa = XCConfigurationList;
			buildConfigurations = (
				FF0B5C1A1C3CF3CA00A15C56 /* Debug */,
				FF0B5C1B1C3CF3CA00A15C56 /* Release */,
			);
			defaultConfigurationIsVisible = 0;
			defaultConfigurationName = Release;
		};
		FF0B5C1C1C3CF3CA00A15C56 /* Build configuration list for PBXNativeTarget "SwiftEncoderKit" */ = {
			isa = XCConfigurationList;
			buildConfigurations = (
				FF0B5C1D1C3CF3CA00A15C56 /* Debug */,
				FF0B5C1E1C3CF3CA00A15C56 /* Release */,
			);
			defaultConfigurationIsVisible = 0;
			defaultConfigurationName = Release;
		};
		FF0B5C1F1C3CF3CA00A15C56 /* Build configuration list for PBXNativeTarget "SwiftEncoderKitTests" */ = {
			isa = XCConfigurationList;
			buildConfigurations = (
				FF0B5C201C3CF3CA00A15C56 /* Debug */,
				FF0B5C211C3CF3CA00A15C56 /* Release */,
			);
			defaultConfigurationIsVisible = 0;
			defaultConfigurationName = Release;
		};
/* End XCConfigurationList section */
	};
	rootObject = FF0B5BFF1C3CF3C900A15C56 /* Project object */;
}
